version = 1
requires-python = ">=3.12"

[[package]]
name = "asgiref"
version = "3.8.1"
source = { registry = "https://pypi.org/simple" }
sdist = { url = "https://files.pythonhosted.org/packages/29/38/b3395cc9ad1b56d2ddac9970bc8f4141312dbaec28bc7c218b0dfafd0f42/asgiref-3.8.1.tar.gz", hash = "sha256:c343bd80a0bec947a9860adb4c432ffa7db769836c64238fc34bdc3fec84d590", size = 35186 }
wheels = [
    { url = "https://files.pythonhosted.org/packages/39/e3/893e8757be2612e6c266d9bb58ad2e3651524b5b40cf56761e985a28b13e/asgiref-3.8.1-py3-none-any.whl", hash = "sha256:3e1e3ecc849832fe52ccf2cb6686b7a55f82bb1d6aee72a58826471390335e47", size = 23828 },
]

[[package]]
name = "backend"
version = "0.1.0"
source = { virtual = "." }
dependencies = [
    { name = "django" },
    { name = "django-cors-headers" },
    { name = "djangorestframework" },
    { name = "mysqlclient" },
]

[package.dev-dependencies]
dev = [
    { name = "django-stubs" },
    { name = "djangorestframework-stubs" },
    { name = "mypy" },
    { name = "pytest" },
    { name = "pytest-watch" },
    { name = "ruff" },
]

[package.metadata]
requires-dist = [
    { name = "django", specifier = ">=5.1.1" },
    { name = "django-cors-headers", specifier = ">=4.4.0" },
    { name = "djangorestframework", specifier = ">=3.15.2" },
    { name = "mysqlclient", specifier = ">=2.2.4" },
]

[package.metadata.requires-dev]
dev = [
    { name = "django-stubs", specifier = ">=5.1.0" },
    { name = "djangorestframework-stubs", specifier = ">=3.15.1" },
    { name = "mypy", specifier = ">=1.11.2" },
    { name = "pytest", specifier = ">=8.3.3" },
    { name = "pytest-watch", specifier = ">=4.2.0" },
    { name = "ruff", specifier = ">=0.6.8" },
]

[[package]]
name = "certifi"
version = "2024.8.30"
source = { registry = "https://pypi.org/simple" }
sdist = { url = "https://files.pythonhosted.org/packages/b0/ee/9b19140fe824b367c04c5e1b369942dd754c4c5462d5674002f75c4dedc1/certifi-2024.8.30.tar.gz", hash = "sha256:bec941d2aa8195e248a60b31ff9f0558284cf01a52591ceda73ea9afffd69fd9", size = 168507 }
wheels = [
    { url = "https://files.pythonhosted.org/packages/12/90/3c9ff0512038035f59d279fddeb79f5f1eccd8859f06d6163c58798b9487/certifi-2024.8.30-py3-none-any.whl", hash = "sha256:922820b53db7a7257ffbda3f597266d435245903d80737e34f8a45ff3e3230d8", size = 167321 },
]

[[package]]
name = "charset-normalizer"
version = "3.3.2"
source = { registry = "https://pypi.org/simple" }
sdist = { url = "https://files.pythonhosted.org/packages/63/09/c1bc53dab74b1816a00d8d030de5bf98f724c52c1635e07681d312f20be8/charset-normalizer-3.3.2.tar.gz", hash = "sha256:f30c3cb33b24454a82faecaf01b19c18562b1e89558fb6c56de4d9118a032fd5", size = 104809 }
wheels = [
    { url = "https://files.pythonhosted.org/packages/d1/b2/fcedc8255ec42afee97f9e6f0145c734bbe104aac28300214593eb326f1d/charset_normalizer-3.3.2-cp312-cp312-macosx_10_9_universal2.whl", hash = "sha256:0b2b64d2bb6d3fb9112bafa732def486049e63de9618b5843bcdd081d8144cd8", size = 192892 },
    { url = "https://files.pythonhosted.org/packages/2e/7d/2259318c202f3d17f3fe6438149b3b9e706d1070fe3fcbb28049730bb25c/charset_normalizer-3.3.2-cp312-cp312-macosx_10_9_x86_64.whl", hash = "sha256:ddbb2551d7e0102e7252db79ba445cdab71b26640817ab1e3e3648dad515003b", size = 122213 },
    { url = "https://files.pythonhosted.org/packages/3a/52/9f9d17c3b54dc238de384c4cb5a2ef0e27985b42a0e5cc8e8a31d918d48d/charset_normalizer-3.3.2-cp312-cp312-macosx_11_0_arm64.whl", hash = "sha256:55086ee1064215781fff39a1af09518bc9255b50d6333f2e4c74ca09fac6a8f6", size = 119404 },
    { url = "https://files.pythonhosted.org/packages/99/b0/9c365f6d79a9f0f3c379ddb40a256a67aa69c59609608fe7feb6235896e1/charset_normalizer-3.3.2-cp312-cp312-manylinux_2_17_aarch64.manylinux2014_aarch64.whl", hash = "sha256:8f4a014bc36d3c57402e2977dada34f9c12300af536839dc38c0beab8878f38a", size = 137275 },
    { url = "https://files.pythonhosted.org/packages/91/33/749df346e93d7a30cdcb90cbfdd41a06026317bfbfb62cd68307c1a3c543/charset_normalizer-3.3.2-cp312-cp312-manylinux_2_17_ppc64le.manylinux2014_ppc64le.whl", hash = "sha256:a10af20b82360ab00827f916a6058451b723b4e65030c5a18577c8b2de5b3389", size = 147518 },
    { url = "https://files.pythonhosted.org/packages/72/1a/641d5c9f59e6af4c7b53da463d07600a695b9824e20849cb6eea8a627761/charset_normalizer-3.3.2-cp312-cp312-manylinux_2_17_s390x.manylinux2014_s390x.whl", hash = "sha256:8d756e44e94489e49571086ef83b2bb8ce311e730092d2c34ca8f7d925cb20aa", size = 140182 },
    { url = "https://files.pythonhosted.org/packages/ee/fb/14d30eb4956408ee3ae09ad34299131fb383c47df355ddb428a7331cfa1e/charset_normalizer-3.3.2-cp312-cp312-manylinux_2_17_x86_64.manylinux2014_x86_64.whl", hash = "sha256:90d558489962fd4918143277a773316e56c72da56ec7aa3dc3dbbe20fdfed15b", size = 141869 },
    { url = "https://files.pythonhosted.org/packages/df/3e/a06b18788ca2eb6695c9b22325b6fde7dde0f1d1838b1792a0076f58fe9d/charset_normalizer-3.3.2-cp312-cp312-manylinux_2_5_i686.manylinux1_i686.manylinux_2_17_i686.manylinux2014_i686.whl", hash = "sha256:6ac7ffc7ad6d040517be39eb591cac5ff87416c2537df6ba3cba3bae290c0fed", size = 144042 },
    { url = "https://files.pythonhosted.org/packages/45/59/3d27019d3b447a88fe7e7d004a1e04be220227760264cc41b405e863891b/charset_normalizer-3.3.2-cp312-cp312-musllinux_1_1_aarch64.whl", hash = "sha256:7ed9e526742851e8d5cc9e6cf41427dfc6068d4f5a3bb03659444b4cabf6bc26", size = 138275 },
    { url = "https://files.pythonhosted.org/packages/7b/ef/5eb105530b4da8ae37d506ccfa25057961b7b63d581def6f99165ea89c7e/charset_normalizer-3.3.2-cp312-cp312-musllinux_1_1_i686.whl", hash = "sha256:8bdb58ff7ba23002a4c5808d608e4e6c687175724f54a5dade5fa8c67b604e4d", size = 144819 },
    { url = "https://files.pythonhosted.org/packages/a2/51/e5023f937d7f307c948ed3e5c29c4b7a3e42ed2ee0b8cdf8f3a706089bf0/charset_normalizer-3.3.2-cp312-cp312-musllinux_1_1_ppc64le.whl", hash = "sha256:6b3251890fff30ee142c44144871185dbe13b11bab478a88887a639655be1068", size = 149415 },
    { url = "https://files.pythonhosted.org/packages/24/9d/2e3ef673dfd5be0154b20363c5cdcc5606f35666544381bee15af3778239/charset_normalizer-3.3.2-cp312-cp312-musllinux_1_1_s390x.whl", hash = "sha256:b4a23f61ce87adf89be746c8a8974fe1c823c891d8f86eb218bb957c924bb143", size = 141212 },
    { url = "https://files.pythonhosted.org/packages/5b/ae/ce2c12fcac59cb3860b2e2d76dc405253a4475436b1861d95fe75bdea520/charset_normalizer-3.3.2-cp312-cp312-musllinux_1_1_x86_64.whl", hash = "sha256:efcb3f6676480691518c177e3b465bcddf57cea040302f9f4e6e191af91174d4", size = 142167 },
    { url = "https://files.pythonhosted.org/packages/ed/3a/a448bf035dce5da359daf9ae8a16b8a39623cc395a2ffb1620aa1bce62b0/charset_normalizer-3.3.2-cp312-cp312-win32.whl", hash = "sha256:d965bba47ddeec8cd560687584e88cf699fd28f192ceb452d1d7ee807c5597b7", size = 93041 },
    { url = "https://files.pythonhosted.org/packages/b6/7c/8debebb4f90174074b827c63242c23851bdf00a532489fba57fef3416e40/charset_normalizer-3.3.2-cp312-cp312-win_amd64.whl", hash = "sha256:96b02a3dc4381e5494fad39be677abcb5e6634bf7b4fa83a6dd3112607547001", size = 100397 },
    { url = "https://files.pythonhosted.org/packages/28/76/e6222113b83e3622caa4bb41032d0b1bf785250607392e1b778aca0b8a7d/charset_normalizer-3.3.2-py3-none-any.whl", hash = "sha256:3e4d1f6587322d2788836a99c69062fbb091331ec940e02d12d179c1d53e25fc", size = 48543 },
]

[[package]]
name = "colorama"
version = "0.4.6"
source = { registry = "https://pypi.org/simple" }
sdist = { url = "https://files.pythonhosted.org/packages/d8/53/6f443c9a4a8358a93a6792e2acffb9d9d5cb0a5cfd8802644b7b1c9a02e4/colorama-0.4.6.tar.gz", hash = "sha256:08695f5cb7ed6e0531a20572697297273c47b8cae5a63ffc6d6ed5c201be6e44", size = 27697 }
wheels = [
    { url = "https://files.pythonhosted.org/packages/d1/d6/3965ed04c63042e047cb6a3e6ed1a63a35087b6a609aa3a15ed8ac56c221/colorama-0.4.6-py2.py3-none-any.whl", hash = "sha256:4f1d9991f5acc0ca119f9d443620b77f9d6b33703e51011c16baf57afb285fc6", size = 25335 },
]

[[package]]
name = "django"
version = "5.1.1"
source = { registry = "https://pypi.org/simple" }
dependencies = [
    { name = "asgiref" },
    { name = "sqlparse" },
    { name = "tzdata", marker = "sys_platform == 'win32'" },
]
sdist = { url = "https://files.pythonhosted.org/packages/88/6f/8f57ed6dc88656edd4fcb35c50dd963f3cd79303bd711fb0160fc7fd6ab7/Django-5.1.1.tar.gz", hash = "sha256:021ffb7fdab3d2d388bc8c7c2434eb9c1f6f4d09e6119010bbb1694dda286bc2", size = 10675933 }
wheels = [
    { url = "https://files.pythonhosted.org/packages/ba/aa/b423e37e9ba5480d3fd1d187e3fdbd09f9f71b991468881a45413522ccd3/Django-5.1.1-py3-none-any.whl", hash = "sha256:71603f27dac22a6533fb38d83072eea9ddb4017fead6f67f2562a40402d61c3f", size = 8246418 },
]

[[package]]
name = "django-cors-headers"
version = "4.4.0"
source = { registry = "https://pypi.org/simple" }
dependencies = [
    { name = "asgiref" },
    { name = "django" },
]
sdist = { url = "https://files.pythonhosted.org/packages/d3/34/f0c7a7241f885cbfc99b1edef0acc7915dd7a3fb749fe27de5e8a9fb2ccb/django_cors_headers-4.4.0.tar.gz", hash = "sha256:92cf4633e22af67a230a1456cb1b7a02bb213d6536d2dcb2a4a24092ea9cebc2", size = 21151 }
wheels = [
    { url = "https://files.pythonhosted.org/packages/9d/0c/4201d5650199b3a36ef3f2ab91f44c4527a70685f3003ce9f3ed8c30780c/django_cors_headers-4.4.0-py3-none-any.whl", hash = "sha256:5c6e3b7fe870876a1efdfeb4f433782c3524078fa0dc9e0195f6706ce7a242f6", size = 12789 },
]

[[package]]
name = "django-stubs"
version = "5.1.0"
source = { registry = "https://pypi.org/simple" }
dependencies = [
    { name = "asgiref" },
    { name = "django" },
    { name = "django-stubs-ext" },
    { name = "types-pyyaml" },
    { name = "typing-extensions" },
]
sdist = { url = "https://files.pythonhosted.org/packages/47/35/fa62c35c48e77bc4dabfe56d16786a2e9965ff89c4c55ab909c2d9f00ce8/django_stubs-5.1.0.tar.gz", hash = "sha256:86128c228b65e6c9a85e5dc56eb1c6f41125917dae0e21e6cfecdf1b27e630c5", size = 265839 }
wheels = [
    { url = "https://files.pythonhosted.org/packages/1c/d8/4561cf32a652f12d1f6edf27ac1ed6194540b44592cc85ead62a1f6fdff6/django_stubs-5.1.0-py3-none-any.whl", hash = "sha256:b98d49a80aa4adf1433a97407102d068de26c739c405431d93faad96dd282c40", size = 470607 },
]

[[package]]
name = "django-stubs-ext"
version = "5.1.0"
source = { registry = "https://pypi.org/simple" }
dependencies = [
    { name = "django" },
    { name = "typing-extensions" },
]
sdist = { url = "https://files.pythonhosted.org/packages/60/a5/dfb120bf3ce1f0da109481605f704ffe72533f056f42e8cffd5a486504a7/django_stubs_ext-5.1.0.tar.gz", hash = "sha256:ed7d51c0b731651879fc75f331fb0806d98b67bfab464e96e2724db6b46ef926", size = 9491 }
wheels = [
    { url = "https://files.pythonhosted.org/packages/eb/03/20a5a19d1b8d26eddd8420261304ee9e6accd802f5332e360daaa2202afb/django_stubs_ext-5.1.0-py3-none-any.whl", hash = "sha256:a455fc222c90b30b29ad8c53319559f5b54a99b4197205ddbb385aede03b395d", size = 8966 },
]

[[package]]
name = "djangorestframework"
version = "3.15.2"
source = { registry = "https://pypi.org/simple" }
dependencies = [
    { name = "django" },
]
sdist = { url = "https://files.pythonhosted.org/packages/2c/ce/31482eb688bdb4e271027076199e1aa8d02507e530b6d272ab8b4481557c/djangorestframework-3.15.2.tar.gz", hash = "sha256:36fe88cd2d6c6bec23dca9804bab2ba5517a8bb9d8f47ebc68981b56840107ad", size = 1067420 }
wheels = [
    { url = "https://files.pythonhosted.org/packages/7c/b6/fa99d8f05eff3a9310286ae84c4059b08c301ae4ab33ae32e46e8ef76491/djangorestframework-3.15.2-py3-none-any.whl", hash = "sha256:2b8871b062ba1aefc2de01f773875441a961fefbf79f5eed1e32b2f096944b20", size = 1071235 },
]

[[package]]
name = "djangorestframework-stubs"
version = "3.15.1"
source = { registry = "https://pypi.org/simple" }
dependencies = [
    { name = "django-stubs" },
    { name = "requests" },
    { name = "types-pyyaml" },
    { name = "types-requests" },
    { name = "typing-extensions" },
]
sdist = { url = "https://files.pythonhosted.org/packages/f3/00/40ee7702b69d32bd88240468a7cdc4b52aca42e14513d04ec8e16b5c1c59/djangorestframework_stubs-3.15.1.tar.gz", hash = "sha256:34539871895d66d382b6ae3655d9f95c1de7733cf50bc29097638d367ed3117d", size = 35195 }
wheels = [
    { url = "https://files.pythonhosted.org/packages/a4/f4/463fe341a7fe4b79da9fef65327b8e8d696639eba592f9fced6b6b8593ff/djangorestframework_stubs-3.15.1-py3-none-any.whl", hash = "sha256:79dc9018f5d5fa420f9981eec9f1e820ecbd04719791f144419cdc6c5b8e29bd", size = 54399 },
]

[[package]]
name = "docopt"
version = "0.6.2"
source = { registry = "https://pypi.org/simple" }
sdist = { url = "https://files.pythonhosted.org/packages/a2/55/8f8cab2afd404cf578136ef2cc5dfb50baa1761b68c9da1fb1e4eed343c9/docopt-0.6.2.tar.gz", hash = "sha256:49b3a825280bd66b3aa83585ef59c4a8c82f2c8a522dbe754a8bc8d08c85c491", size = 25901 }

[[package]]
name = "idna"
version = "3.10"
source = { registry = "https://pypi.org/simple" }
sdist = { url = "https://files.pythonhosted.org/packages/f1/70/7703c29685631f5a7590aa73f1f1d3fa9a380e654b86af429e0934a32f7d/idna-3.10.tar.gz", hash = "sha256:12f65c9b470abda6dc35cf8e63cc574b1c52b11df2c86030af0ac09b01b13ea9", size = 190490 }
wheels = [
    { url = "https://files.pythonhosted.org/packages/76/c6/c88e154df9c4e1a2a66ccf0005a88dfb2650c1dffb6f5ce603dfbd452ce3/idna-3.10-py3-none-any.whl", hash = "sha256:946d195a0d259cbba61165e88e65941f16e9b36ea6ddb97f00452bae8b1287d3", size = 70442 },
]

[[package]]
name = "iniconfig"
version = "2.0.0"
source = { registry = "https://pypi.org/simple" }
sdist = { url = "https://files.pythonhosted.org/packages/d7/4b/cbd8e699e64a6f16ca3a8220661b5f83792b3017d0f79807cb8708d33913/iniconfig-2.0.0.tar.gz", hash = "sha256:2d91e135bf72d31a410b17c16da610a82cb55f6b0477d1a902134b24a455b8b3", size = 4646 }
wheels = [
    { url = "https://files.pythonhosted.org/packages/ef/a6/62565a6e1cf69e10f5727360368e451d4b7f58beeac6173dc9db836a5b46/iniconfig-2.0.0-py3-none-any.whl", hash = "sha256:b6a85871a79d2e3b22d2d1b94ac2824226a63c6b741c88f7ae975f18b6778374", size = 5892 },
]

[[package]]
name = "mypy"
version = "1.11.2"
source = { registry = "https://pypi.org/simple" }
dependencies = [
    { name = "mypy-extensions" },
    { name = "typing-extensions" },
]
sdist = { url = "https://files.pythonhosted.org/packages/5c/86/5d7cbc4974fd564550b80fbb8103c05501ea11aa7835edf3351d90095896/mypy-1.11.2.tar.gz", hash = "sha256:7f9993ad3e0ffdc95c2a14b66dee63729f021968bff8ad911867579c65d13a79", size = 3078806 }
wheels = [
    { url = "https://files.pythonhosted.org/packages/35/3a/ed7b12ecc3f6db2f664ccf85cb2e004d3e90bec928e9d7be6aa2f16b7cdf/mypy-1.11.2-cp312-cp312-macosx_10_9_x86_64.whl", hash = "sha256:e8960dbbbf36906c5c0b7f4fbf2f0c7ffb20f4898e6a879fcf56a41a08b0d318", size = 10990335 },
    { url = "https://files.pythonhosted.org/packages/04/e4/1a9051e2ef10296d206519f1df13d2cc896aea39e8683302f89bf5792a59/mypy-1.11.2-cp312-cp312-macosx_11_0_arm64.whl", hash = "sha256:06d26c277962f3fb50e13044674aa10553981ae514288cb7d0a738f495550b36", size = 10007119 },
    { url = "https://files.pythonhosted.org/packages/f3/3c/350a9da895f8a7e87ade0028b962be0252d152e0c2fbaafa6f0658b4d0d4/mypy-1.11.2-cp312-cp312-manylinux_2_17_x86_64.manylinux2014_x86_64.manylinux_2_28_x86_64.whl", hash = "sha256:6e7184632d89d677973a14d00ae4d03214c8bc301ceefcdaf5c474866814c987", size = 12506856 },
    { url = "https://files.pythonhosted.org/packages/b6/49/ee5adf6a49ff13f4202d949544d3d08abb0ea1f3e7f2a6d5b4c10ba0360a/mypy-1.11.2-cp312-cp312-musllinux_1_1_x86_64.whl", hash = "sha256:3a66169b92452f72117e2da3a576087025449018afc2d8e9bfe5ffab865709ca", size = 12952066 },
    { url = "https://files.pythonhosted.org/packages/27/c0/b19d709a42b24004d720db37446a42abadf844d5c46a2c442e2a074d70d9/mypy-1.11.2-cp312-cp312-win_amd64.whl", hash = "sha256:969ea3ef09617aff826885a22ece0ddef69d95852cdad2f60c8bb06bf1f71f70", size = 9664000 },
    { url = "https://files.pythonhosted.org/packages/42/3a/bdf730640ac523229dd6578e8a581795720a9321399de494374afc437ec5/mypy-1.11.2-py3-none-any.whl", hash = "sha256:b499bc07dbdcd3de92b0a8b29fdf592c111276f6a12fe29c30f6c417dd546d12", size = 2619625 },
]

[[package]]
name = "mypy-extensions"
version = "1.0.0"
source = { registry = "https://pypi.org/simple" }
sdist = { url = "https://files.pythonhosted.org/packages/98/a4/1ab47638b92648243faf97a5aeb6ea83059cc3624972ab6b8d2316078d3f/mypy_extensions-1.0.0.tar.gz", hash = "sha256:75dbf8955dc00442a438fc4d0666508a9a97b6bd41aa2f0ffe9d2f2725af0782", size = 4433 }
wheels = [
    { url = "https://files.pythonhosted.org/packages/2a/e2/5d3f6ada4297caebe1a2add3b126fe800c96f56dbe5d1988a2cbe0b267aa/mypy_extensions-1.0.0-py3-none-any.whl", hash = "sha256:4392f6c0eb8a5668a69e23d168ffa70f0be9ccfd32b5cc2d26a34ae5b844552d", size = 4695 },
]

[[package]]
name = "mysqlclient"
version = "2.2.4"
source = { registry = "https://pypi.org/simple" }
sdist = { url = "https://files.pythonhosted.org/packages/79/33/996dc0ba3f03e2399adc91a7de1f61cb14b57ebdb4cc6eca8a78723043cb/mysqlclient-2.2.4.tar.gz", hash = "sha256:33bc9fb3464e7d7c10b1eaf7336c5ff8f2a3d3b88bab432116ad2490beb3bf41", size = 90400 }
wheels = [
    { url = "https://files.pythonhosted.org/packages/d3/56/1fe1a8aa7ba090576632c16bd43fb0df78747d2f18c54e769015378667fb/mysqlclient-2.2.4-cp312-cp312-win_amd64.whl", hash = "sha256:e1ebe3f41d152d7cb7c265349fdb7f1eca86ccb0ca24a90036cde48e00ceb2ab", size = 203295 },
]

[[package]]
name = "packaging"
version = "24.1"
source = { registry = "https://pypi.org/simple" }
sdist = { url = "https://files.pythonhosted.org/packages/51/65/50db4dda066951078f0a96cf12f4b9ada6e4b811516bf0262c0f4f7064d4/packaging-24.1.tar.gz", hash = "sha256:026ed72c8ed3fcce5bf8950572258698927fd1dbda10a5e981cdf0ac37f4f002", size = 148788 }
wheels = [
    { url = "https://files.pythonhosted.org/packages/08/aa/cc0199a5f0ad350994d660967a8efb233fe0416e4639146c089643407ce6/packaging-24.1-py3-none-any.whl", hash = "sha256:5b8f2217dbdbd2f7f384c41c628544e6d52f2d0f53c6d0c3ea61aa5d1d7ff124", size = 53985 },
]

[[package]]
name = "pluggy"
version = "1.5.0"
source = { registry = "https://pypi.org/simple" }
sdist = { url = "https://files.pythonhosted.org/packages/96/2d/02d4312c973c6050a18b314a5ad0b3210edb65a906f868e31c111dede4a6/pluggy-1.5.0.tar.gz", hash = "sha256:2cffa88e94fdc978c4c574f15f9e59b7f4201d439195c3715ca9e2486f1d0cf1", size = 67955 }
wheels = [
    { url = "https://files.pythonhosted.org/packages/88/5f/e351af9a41f866ac3f1fac4ca0613908d9a41741cfcf2228f4ad853b697d/pluggy-1.5.0-py3-none-any.whl", hash = "sha256:44e1ad92c8ca002de6377e165f3e0f1be63266ab4d554740532335b9d75ea669", size = 20556 },
]

[[package]]
name = "pytest"
version = "8.3.3"
source = { registry = "https://pypi.org/simple" }
dependencies = [
    { name = "colorama", marker = "sys_platform == 'win32'" },
    { name = "iniconfig" },
    { name = "packaging" },
    { name = "pluggy" },
]
sdist = { url = "https://files.pythonhosted.org/packages/8b/6c/62bbd536103af674e227c41a8f3dcd022d591f6eed5facb5a0f31ee33bbc/pytest-8.3.3.tar.gz", hash = "sha256:70b98107bd648308a7952b06e6ca9a50bc660be218d53c257cc1fc94fda10181", size = 1442487 }
wheels = [
    { url = "https://files.pythonhosted.org/packages/6b/77/7440a06a8ead44c7757a64362dd22df5760f9b12dc5f11b6188cd2fc27a0/pytest-8.3.3-py3-none-any.whl", hash = "sha256:a6853c7375b2663155079443d2e45de913a911a11d669df02a50814944db57b2", size = 342341 },
]

[[package]]
name = "pytest-watch"
version = "4.2.0"
source = { registry = "https://pypi.org/simple" }
dependencies = [
    { name = "colorama" },
    { name = "docopt" },
    { name = "pytest" },
    { name = "watchdog" },
]
sdist = { url = "https://files.pythonhosted.org/packages/36/47/ab65fc1d682befc318c439940f81a0de1026048479f732e84fe714cd69c0/pytest-watch-4.2.0.tar.gz", hash = "sha256:06136f03d5b361718b8d0d234042f7b2f203910d8568f63df2f866b547b3d4b9", size = 16340 }

[[package]]
name = "requests"
version = "2.32.3"
source = { registry = "https://pypi.org/simple" }
dependencies = [
    { name = "certifi" },
    { name = "charset-normalizer" },
    { name = "idna" },
    { name = "urllib3" },
]
sdist = { url = "https://files.pythonhosted.org/packages/63/70/2bf7780ad2d390a8d301ad0b550f1581eadbd9a20f896afe06353c2a2913/requests-2.32.3.tar.gz", hash = "sha256:55365417734eb18255590a9ff9eb97e9e1da868d4ccd6402399eaf68af20a760", size = 131218 }
wheels = [
    { url = "https://files.pythonhosted.org/packages/f9/9b/335f9764261e915ed497fcdeb11df5dfd6f7bf257d4a6a2a686d80da4d54/requests-2.32.3-py3-none-any.whl", hash = "sha256:70761cfe03c773ceb22aa2f671b4757976145175cdfca038c02654d061d6dcc6", size = 64928 },
]

[[package]]
name = "ruff"
version = "0.6.8"
source = { registry = "https://pypi.org/simple" }
sdist = { url = "https://files.pythonhosted.org/packages/74/f9/4ce3e765a72ab8fe0f80f48508ea38b4196daab3da14d803c21349b2d367/ruff-0.6.8.tar.gz", hash = "sha256:a5bf44b1aa0adaf6d9d20f86162b34f7c593bfedabc51239953e446aefc8ce18", size = 3084543 }
wheels = [
    { url = "https://files.pythonhosted.org/packages/db/07/42ee57e8b76ca585297a663a552b4f6d6a99372ca47fdc2276ef72cc0f2f/ruff-0.6.8-py3-none-linux_armv6l.whl", hash = "sha256:77944bca110ff0a43b768f05a529fecd0706aac7bcce36d7f1eeb4cbfca5f0f2", size = 10404327 },
    { url = "https://files.pythonhosted.org/packages/eb/51/d42571ff8156d65086acb72d39aa64cb24181db53b497d0ed6293f43f07a/ruff-0.6.8-py3-none-macosx_10_12_x86_64.whl", hash = "sha256:27b87e1801e786cd6ede4ada3faa5e254ce774de835e6723fd94551464c56b8c", size = 10018797 },
    { url = "https://files.pythonhosted.org/packages/c1/d7/fa5514a60b03976af972b67fe345deb0335dc96b9f9a9fa4df9890472427/ruff-0.6.8-py3-none-macosx_11_0_arm64.whl", hash = "sha256:cd48f945da2a6334f1793d7f701725a76ba93bf3d73c36f6b21fb04d5338dcf5", size = 9691303 },
    { url = "https://files.pythonhosted.org/packages/d6/c4/d812a74976927e51d0782a47539069657ac78535779bfa4d061c4fc8d89d/ruff-0.6.8-py3-none-manylinux_2_17_aarch64.manylinux2014_aarch64.whl", hash = "sha256:677e03c00f37c66cea033274295a983c7c546edea5043d0c798833adf4cf4c6f", size = 10719452 },
    { url = "https://files.pythonhosted.org/packages/ec/b6/aa700c4ae6db9b3ee660e23f3c7db596e2b16a3034b797704fba33ddbc96/ruff-0.6.8-py3-none-manylinux_2_17_armv7l.manylinux2014_armv7l.whl", hash = "sha256:9f1476236b3eacfacfc0f66aa9e6cd39f2a624cb73ea99189556015f27c0bdeb", size = 10161353 },
    { url = "https://files.pythonhosted.org/packages/ea/39/0b10075ffcd52ff3a581b9b69eac53579deb230aad300ce8f9d0b58e77bc/ruff-0.6.8-py3-none-manylinux_2_17_i686.manylinux2014_i686.whl", hash = "sha256:6f5a2f17c7d32991169195d52a04c95b256378bbf0de8cb98478351eb70d526f", size = 10980630 },
    { url = "https://files.pythonhosted.org/packages/c1/af/9eb9efc98334f62652e2f9318f137b2667187851911fac3b395365a83708/ruff-0.6.8-py3-none-manylinux_2_17_ppc64.manylinux2014_ppc64.whl", hash = "sha256:5fd0d4b7b1457c49e435ee1e437900ced9b35cb8dc5178921dfb7d98d65a08d0", size = 11768996 },
    { url = "https://files.pythonhosted.org/packages/e0/59/8b1369cf7878358952b1c0a1559b4d6b5c824c003d09b0db26d26c9d094f/ruff-0.6.8-py3-none-manylinux_2_17_ppc64le.manylinux2014_ppc64le.whl", hash = "sha256:f8034b19b993e9601f2ddf2c517451e17a6ab5cdb1c13fdff50c1442a7171d87", size = 11317469 },
    { url = "https://files.pythonhosted.org/packages/b9/6d/e252e9b11bbca4114c386ee41ad559d0dac13246201d77ea1223c6fea17f/ruff-0.6.8-py3-none-manylinux_2_17_s390x.manylinux2014_s390x.whl", hash = "sha256:6cfb227b932ba8ef6e56c9f875d987973cd5e35bc5d05f5abf045af78ad8e098", size = 12467185 },
    { url = "https://files.pythonhosted.org/packages/48/44/7caa223af7d4ea0f0b2bd34acca65a7694a58317714675a2478815ab3f45/ruff-0.6.8-py3-none-manylinux_2_17_x86_64.manylinux2014_x86_64.whl", hash = "sha256:6ef0411eccfc3909269fed47c61ffebdcb84a04504bafa6b6df9b85c27e813b0", size = 10887766 },
    { url = "https://files.pythonhosted.org/packages/81/ed/394aff3a785f171869158b9d5be61eec9ffb823c3ad5d2bdf2e5f13cb029/ruff-0.6.8-py3-none-musllinux_1_2_aarch64.whl", hash = "sha256:007dee844738c3d2e6c24ab5bc7d43c99ba3e1943bd2d95d598582e9c1b27750", size = 10711609 },
    { url = "https://files.pythonhosted.org/packages/47/31/f31d04c842e54699eab7e3b864538fea26e6c94b71806cd10aa49f13e1c1/ruff-0.6.8-py3-none-musllinux_1_2_armv7l.whl", hash = "sha256:ce60058d3cdd8490e5e5471ef086b3f1e90ab872b548814e35930e21d848c9ce", size = 10237621 },
    { url = "https://files.pythonhosted.org/packages/20/95/a764e84acf11d425f2f23b8b78b4fd715e9c20be4aac157c6414ca859a67/ruff-0.6.8-py3-none-musllinux_1_2_i686.whl", hash = "sha256:1085c455d1b3fdb8021ad534379c60353b81ba079712bce7a900e834859182fa", size = 10558329 },
    { url = "https://files.pythonhosted.org/packages/2a/76/d4e38846ac9f6dd62dce858a54583911361b5339dcf8f84419241efac93a/ruff-0.6.8-py3-none-musllinux_1_2_x86_64.whl", hash = "sha256:70edf6a93b19481affd287d696d9e311388d808671bc209fb8907b46a8c3af44", size = 10954102 },
    { url = "https://files.pythonhosted.org/packages/e7/36/f18c678da6c69f8d022480f3e8ddce6e4a52e07602c1d212056fbd234f8f/ruff-0.6.8-py3-none-win32.whl", hash = "sha256:792213f7be25316f9b46b854df80a77e0da87ec66691e8f012f887b4a671ab5a", size = 8511090 },
    { url = "https://files.pythonhosted.org/packages/4c/c4/0ca7d8ffa358b109db7d7d045a1a076fd8e5d9cbeae022242d3c060931da/ruff-0.6.8-py3-none-win_amd64.whl", hash = "sha256:ec0517dc0f37cad14a5319ba7bba6e7e339d03fbf967a6d69b0907d61be7a263", size = 9350079 },
    { url = "https://files.pythonhosted.org/packages/d9/bd/a8b0c64945a92eaeeb8d0283f27a726a776a1c9d12734d990c5fc7a1278c/ruff-0.6.8-py3-none-win_arm64.whl", hash = "sha256:8d3bb2e3fbb9875172119021a13eed38849e762499e3cfde9588e4b4d70968dc", size = 8669595 },
]

[[package]]
name = "sqlparse"
version = "0.5.1"
source = { registry = "https://pypi.org/simple" }
sdist = { url = "https://files.pythonhosted.org/packages/73/82/dfa23ec2cbed08a801deab02fe7c904bfb00765256b155941d789a338c68/sqlparse-0.5.1.tar.gz", hash = "sha256:bb6b4df465655ef332548e24f08e205afc81b9ab86cb1c45657a7ff173a3a00e", size = 84502 }
wheels = [
    { url = "https://files.pythonhosted.org/packages/5d/a5/b2860373aa8de1e626b2bdfdd6df4355f0565b47e51f7d0c54fe70faf8fe/sqlparse-0.5.1-py3-none-any.whl", hash = "sha256:773dcbf9a5ab44a090f3441e2180efe2560220203dc2f8c0b0fa141e18b505e4", size = 44156 },
]

[[package]]
name = "types-pyyaml"
version = "6.0.12.20240917"
source = { registry = "https://pypi.org/simple" }
sdist = { url = "https://files.pythonhosted.org/packages/92/7d/a95df0a11f95c8f48d7683f03e4aed1a2c0fc73e9de15cca4d38034bea1a/types-PyYAML-6.0.12.20240917.tar.gz", hash = "sha256:d1405a86f9576682234ef83bcb4e6fff7c9305c8b1fbad5e0bcd4f7dbdc9c587", size = 12381 }
wheels = [
    { url = "https://files.pythonhosted.org/packages/9e/2c/c1d81d680997d24b0542aa336f0a65bd7835e5224b7670f33a7d617da379/types_PyYAML-6.0.12.20240917-py3-none-any.whl", hash = "sha256:392b267f1c0fe6022952462bf5d6523f31e37f6cea49b14cee7ad634b6301570", size = 15264 },
]

[[package]]
name = "types-requests"
version = "2.32.0.20240914"
source = { registry = "https://pypi.org/simple" }
dependencies = [
    { name = "urllib3" },
]
sdist = { url = "https://files.pythonhosted.org/packages/9b/9e/aea33405c230cc3984c9f1065012d3a2003cef910730c367a0e91e7a4901/types-requests-2.32.0.20240914.tar.gz", hash = "sha256:2850e178db3919d9bf809e434eef65ba49d0e7e33ac92d588f4a5e295fffd405", size = 18030 }
wheels = [
    { url = "https://files.pythonhosted.org/packages/8f/55/ea44dad71b9d92f86198f7448f5ba46ac919355f4f69bb1c0fa1af02b1b4/types_requests-2.32.0.20240914-py3-none-any.whl", hash = "sha256:59c2f673eb55f32a99b2894faf6020e1a9f4a402ad0f192bfee0b64469054310", size = 15838 },
]

[[package]]
name = "typing-extensions"
version = "4.12.2"
source = { registry = "https://pypi.org/simple" }
sdist = { url = "https://files.pythonhosted.org/packages/df/db/f35a00659bc03fec321ba8bce9420de607a1d37f8342eee1863174c69557/typing_extensions-4.12.2.tar.gz", hash = "sha256:1a7ead55c7e559dd4dee8856e3a88b41225abfe1ce8df57b7c13915fe121ffb8", size = 85321 }
wheels = [
    { url = "https://files.pythonhosted.org/packages/26/9f/ad63fc0248c5379346306f8668cda6e2e2e9c95e01216d2b8ffd9ff037d0/typing_extensions-4.12.2-py3-none-any.whl", hash = "sha256:04e5ca0351e0f3f85c6853954072df659d0d13fac324d0072316b67d7794700d", size = 37438 },
]

[[package]]
name = "tzdata"
version = "2024.2"
source = { registry = "https://pypi.org/simple" }
sdist = { url = "https://files.pythonhosted.org/packages/e1/34/943888654477a574a86a98e9896bae89c7aa15078ec29f490fef2f1e5384/tzdata-2024.2.tar.gz", hash = "sha256:7d85cc416e9382e69095b7bdf4afd9e3880418a2413feec7069d533d6b4e31cc", size = 193282 }
wheels = [
    { url = "https://files.pythonhosted.org/packages/a6/ab/7e5f53c3b9d14972843a647d8d7a853969a58aecc7559cb3267302c94774/tzdata-2024.2-py2.py3-none-any.whl", hash = "sha256:a48093786cdcde33cad18c2555e8532f34422074448fbc874186f0abd79565cd", size = 346586 },
]

[[package]]
name = "urllib3"
version = "2.2.3"
source = { registry = "https://pypi.org/simple" }
sdist = { url = "https://files.pythonhosted.org/packages/ed/63/22ba4ebfe7430b76388e7cd448d5478814d3032121827c12a2cc287e2260/urllib3-2.2.3.tar.gz", hash = "sha256:e7d814a81dad81e6caf2ec9fdedb284ecc9c73076b62654547cc64ccdcae26e9", size = 300677 }
wheels = [
    { url = "https://files.pythonhosted.org/packages/ce/d9/5f4c13cecde62396b0d3fe530a50ccea91e7dfc1ccf0e09c228841bb5ba8/urllib3-2.2.3-py3-none-any.whl", hash = "sha256:ca899ca043dcb1bafa3e262d73aa25c465bfb49e0bd9dd5d59f1d0acba2f8fac", size = 126338 },
]

[[package]]
name = "watchdog"
version = "5.0.3"
source = { registry = "https://pypi.org/simple" }
sdist = { url = "https://files.pythonhosted.org/packages/a2/48/a86139aaeab2db0a2482676f64798d8ac4d2dbb457523f50ab37bf02ce2c/watchdog-5.0.3.tar.gz", hash = "sha256:108f42a7f0345042a854d4d0ad0834b741d421330d5f575b81cb27b883500176", size = 129556 }
wheels = [
    { url = "https://files.pythonhosted.org/packages/1c/9b/8b206a928c188fdeb7b12e1c795199534cd44bdef223b8470129016009dd/watchdog-5.0.3-cp312-cp312-macosx_10_13_universal2.whl", hash = "sha256:94d11b07c64f63f49876e0ab8042ae034674c8653bfcdaa8c4b32e71cfff87e8", size = 96739 },
    { url = "https://files.pythonhosted.org/packages/e1/26/129ca9cd0f8016672f37000010c2fedc0b86816e894ebdc0af9bb04a6439/watchdog-5.0.3-cp312-cp312-macosx_10_13_x86_64.whl", hash = "sha256:349c9488e1d85d0a58e8cb14222d2c51cbc801ce11ac3936ab4c3af986536926", size = 88708 },
    { url = "https://files.pythonhosted.org/packages/8f/b3/5e10ec32f0c429cdb55b1369066d6e83faf9985b3a53a4e37bb5c5e29aa0/watchdog-5.0.3-cp312-cp312-macosx_11_0_arm64.whl", hash = "sha256:53a3f10b62c2d569e260f96e8d966463dec1a50fa4f1b22aec69e3f91025060e", size = 89309 },
    { url = "https://files.pythonhosted.org/packages/54/c4/49af4ab00bcfb688e9962eace2edda07a2cf89b9699ea536da48e8585cff/watchdog-5.0.3-cp313-cp313-macosx_10_13_universal2.whl", hash = "sha256:950f531ec6e03696a2414b6308f5c6ff9dab7821a768c9d5788b1314e9a46ca7", size = 96740 },
    { url = "https://files.pythonhosted.org/packages/96/a4/b24de77cc9ae424c1687c9d4fb15aa560d7d7b28ba559aca72f781d0202b/watchdog-5.0.3-cp313-cp313-macosx_10_13_x86_64.whl", hash = "sha256:ae6deb336cba5d71476caa029ceb6e88047fc1dc74b62b7c4012639c0b563906", size = 88711 },
    { url = "https://files.pythonhosted.org/packages/a4/71/3f2e9fe8403386b99d788868955b3a790f7a09721501a7e1eb58f514ffaa/watchdog-5.0.3-cp313-cp313-macosx_11_0_arm64.whl", hash = "sha256:1021223c08ba8d2d38d71ec1704496471ffd7be42cfb26b87cd5059323a389a1", size = 89319 },
    { url = "https://files.pythonhosted.org/packages/60/33/7cb71c9df9a77b6927ee5f48d25e1de5562ce0fa7e0c56dcf2b0472e64a2/watchdog-5.0.3-py3-none-manylinux2014_aarch64.whl", hash = "sha256:dd021efa85970bd4824acacbb922066159d0f9e546389a4743d56919b6758b91", size = 79335 },
    { url = "https://files.pythonhosted.org/packages/f6/91/320bc1496cf951a3cf93a7ffd18a581f0792c304be963d943e0e608c2919/watchdog-5.0.3-py3-none-manylinux2014_armv7l.whl", hash = "sha256:78864cc8f23dbee55be34cc1494632a7ba30263951b5b2e8fc8286b95845f82c", size = 79334 },
    { url = "https://files.pythonhosted.org/packages/8b/2c/567c5e042ed667d3544c43d48a65cf853450a2d2a9089d9523a65f195e94/watchdog-5.0.3-py3-none-manylinux2014_i686.whl", hash = "sha256:1e9679245e3ea6498494b3028b90c7b25dbb2abe65c7d07423ecfc2d6218ff7c", size = 79333 },
    { url = "https://files.pythonhosted.org/packages/c3/f0/64059fe162ef3274662e67bbdea6c45b3cd53e846d5bd1365fcdc3dc1d15/watchdog-5.0.3-py3-none-manylinux2014_ppc64.whl", hash = "sha256:9413384f26b5d050b6978e6fcd0c1e7f0539be7a4f1a885061473c5deaa57221", size = 79334 },
    { url = "https://files.pythonhosted.org/packages/f6/d9/19b7d02965be2801e2d0f6f4bde23e4ae172620071b65430fa0c2f8441ac/watchdog-5.0.3-py3-none-manylinux2014_ppc64le.whl", hash = "sha256:294b7a598974b8e2c6123d19ef15de9abcd282b0fbbdbc4d23dfa812959a9e05", size = 79333 },
    { url = "https://files.pythonhosted.org/packages/cb/a1/5393ac6d0b095d3a44946b09258e9b5f22cb2fb67bcfa419dd868478826c/watchdog-5.0.3-py3-none-manylinux2014_s390x.whl", hash = "sha256:26dd201857d702bdf9d78c273cafcab5871dd29343748524695cecffa44a8d97", size = 79332 },
    { url = "https://files.pythonhosted.org/packages/a0/58/edec25190b6403caf4426dd418234f2358a106634b7d6aa4aec6939b104f/watchdog-5.0.3-py3-none-manylinux2014_x86_64.whl", hash = "sha256:0f9332243355643d567697c3e3fa07330a1d1abf981611654a1f2bf2175612b7", size = 79334 },
    { url = "https://files.pythonhosted.org/packages/97/69/cfb2d17ba8aabc73be2e2d03c8c319b1f32053a02c4b571852983aa24ff2/watchdog-5.0.3-py3-none-win32.whl", hash = "sha256:c66f80ee5b602a9c7ab66e3c9f36026590a0902db3aea414d59a2f55188c1f49", size = 79320 },
    { url = "https://files.pythonhosted.org/packages/91/b4/2b5b59358dadfa2c8676322f955b6c22cde4937602f40490e2f7403e548e/watchdog-5.0.3-py3-none-win_amd64.whl", hash = "sha256:f00b4cf737f568be9665563347a910f8bdc76f88c2970121c86243c8cfdf90e9", size = 79325 },
    { url = "https://files.pythonhosted.org/packages/38/b8/0aa69337651b3005f161f7f494e59188a1d8d94171666900d26d29d10f69/watchdog-5.0.3-py3-none-win_ia64.whl", hash = "sha256:49f4d36cb315c25ea0d946e018c01bb028048023b9e103d3d3943f58e109dd45", size = 79324 },
]
